{
    "_meta": {
        "hash": {
            "sha256": "b6177440d56f8353db94438245b7516958c72b0f6c125fa60c77029f1221409e"
        },
        "pipfile-spec": 6,
        "requires": {
            "python_version": "3.11"
        },
        "sources": [
            {
                "name": "pip_conf_index_global",
                "url": "https://pypi.org/simple",
                "verify_ssl": false
            }
        ]
    },
    "default": {},
    "develop": {}
}
